
Microsoft Visual Studio Solution File, Format Version 12.00
# Visual Studio Version 16
VisualStudioVersion = 16.0.31313.79
MinimumVisualStudioVersion = 10.0.40219.1
Project("{9A19103F-16F7-4668-BE54-9A1E7A4F7556}") = "TestWebAPI", "TestWebAPI\TestWebAPI.csproj", "{3FA83F0A-1FEE-4B7E-9897-F92587AA845D}"
EndProject
Project("{FAE04EC0-301F-11D3-BF4B-00C04F79EFBC}") = "WebAPITEST", "WebAPITEST\WebAPITEST.csproj", "{FB6F30EC-4361-460C-A436-4463ADD8C506}"
EndProject
Global
	GlobalSection(SolutionConfigurationPlatforms) = preSolution
		Debug|Any CPU = Debug|Any CPU
		Release|Any CPU = Release|Any CPU
	EndGlobalSection
	GlobalSection(ProjectConfigurationPlatforms) = postSolution
		{3FA83F0A-1FEE-4B7E-9897-F92587AA845D}.Debug|Any CPU.ActiveCfg = Debug|Any CPU
		{3FA83F0A-1FEE-4B7E-9897-F92587AA845D}.Debug|Any CPU.Build.0 = Debug|Any CPU
		{3FA83F0A-1FEE-4B7E-9897-F92587AA845D}.Release|Any CPU.ActiveCfg = Release|Any CPU
		{3FA83F0A-1FEE-4B7E-9897-F92587AA845D}.Release|Any CPU.Build.0 = Release|Any CPU
		{FB6F30EC-4361-460C-A436-4463ADD8C506}.Debug|Any CPU.ActiveCfg = Debug|Any CPU
		{FB6F30EC-4361-460C-A436-4463ADD8C506}.Debug|Any CPU.Build.0 = Debug|Any CPU
		{FB6F30EC-4361-460C-A436-4463ADD8C506}.Release|Any CPU.ActiveCfg = Release|Any CPU
		{FB6F30EC-4361-460C-A436-4463ADD8C506}.Release|Any CPU.Build.0 = Release|Any CPU
	EndGlobalSection
	GlobalSection(SolutionProperties) = preSolution
		HideSolutionNode = FALSE
	EndGlobalSection
	GlobalSection(ExtensibilityGlobals) = postSolution
		SolutionGuid = {F90E27A0-ED7C-4ECC-919F-41E08BA72D0B}
	EndGlobalSection
EndGlobal
